
Microsoft Visual Studio Solution File, Format Version 12.00
# Visual Studio Version 17
VisualStudioVersion = 17.4.33205.214
MinimumVisualStudioVersion = 10.0.40219.1
Project("{9A19103F-16F7-4668-BE54-9A1E7A4F7556}") = "WebApi", "WebApi\WebApi.csproj", "{A13820F3-7617-4C64-A743-859092C1C597}"
EndProject
Project("{9A19103F-16F7-4668-BE54-9A1E7A4F7556}") = "Domain", "Domain\Domain.csproj", "{CC8DC66C-D3F8-416D-B7E8-AD54D270256F}"
EndProject
Project("{9A19103F-16F7-4668-BE54-9A1E7A4F7556}") = "Application", "Application\Application.csproj", "{6AA87B0B-9D02-4F73-A923-05856A6B8EF5}"
EndProject
Project("{9A19103F-16F7-4668-BE54-9A1E7A4F7556}") = "Infrastructure", "Infrastructure\Infrastructure.csproj", "{68875923-26C8-4E33-8294-8657C671B8D0}"
EndProject
Project("{9A19103F-16F7-4668-BE54-9A1E7A4F7556}") = "CodeTest.TestProject", "CodeTest.TestProject\CodeTest.TestProject.csproj", "{FF7C5C95-376A-4991-8594-65882ADA0CC1}"
EndProject
Project("{2150E333-8FDC-42A3-9474-1A3956D46DE8}") = "Solution Items", "Solution Items", "{762C6ABC-75C4-4E73-828E-CB4EBCD6936D}"
	ProjectSection(SolutionItems) = preProject
		ReadMe.md = ReadMe.md
	EndProjectSection
EndProject
Project("{FAE04EC0-301F-11D3-BF4B-00C04F79EFBC}") = "ConsoleClient", "ConsoleClient\ConsoleClient.csproj", "{2FBD83D7-1768-44EA-ABA1-77D3D5E94B77}"
EndProject
Global
	GlobalSection(SolutionConfigurationPlatforms) = preSolution
		Debug|Any CPU = Debug|Any CPU
		Release|Any CPU = Release|Any CPU
	EndGlobalSection
	GlobalSection(ProjectConfigurationPlatforms) = postSolution
		{A13820F3-7617-4C64-A743-859092C1C597}.Debug|Any CPU.ActiveCfg = Debug|Any CPU
		{A13820F3-7617-4C64-A743-859092C1C597}.Debug|Any CPU.Build.0 = Debug|Any CPU
		{A13820F3-7617-4C64-A743-859092C1C597}.Release|Any CPU.ActiveCfg = Release|Any CPU
		{A13820F3-7617-4C64-A743-859092C1C597}.Release|Any CPU.Build.0 = Release|Any CPU
		{CC8DC66C-D3F8-416D-B7E8-AD54D270256F}.Debug|Any CPU.ActiveCfg = Debug|Any CPU
		{CC8DC66C-D3F8-416D-B7E8-AD54D270256F}.Debug|Any CPU.Build.0 = Debug|Any CPU
		{CC8DC66C-D3F8-416D-B7E8-AD54D270256F}.Release|Any CPU.ActiveCfg = Release|Any CPU
		{CC8DC66C-D3F8-416D-B7E8-AD54D270256F}.Release|Any CPU.Build.0 = Release|Any CPU
		{6AA87B0B-9D02-4F73-A923-05856A6B8EF5}.Debug|Any CPU.ActiveCfg = Debug|Any CPU
		{6AA87B0B-9D02-4F73-A923-05856A6B8EF5}.Debug|Any CPU.Build.0 = Debug|Any CPU
		{6AA87B0B-9D02-4F73-A923-05856A6B8EF5}.Release|Any CPU.ActiveCfg = Release|Any CPU
		{6AA87B0B-9D02-4F73-A923-05856A6B8EF5}.Release|Any CPU.Build.0 = Release|Any CPU
		{68875923-26C8-4E33-8294-8657C671B8D0}.Debug|Any CPU.ActiveCfg = Debug|Any CPU
		{68875923-26C8-4E33-8294-8657C671B8D0}.Debug|Any CPU.Build.0 = Debug|Any CPU
		{68875923-26C8-4E33-8294-8657C671B8D0}.Release|Any CPU.ActiveCfg = Release|Any CPU
		{68875923-26C8-4E33-8294-8657C671B8D0}.Release|Any CPU.Build.0 = Release|Any CPU
		{FF7C5C95-376A-4991-8594-65882ADA0CC1}.Debug|Any CPU.ActiveCfg = Debug|Any CPU
		{FF7C5C95-376A-4991-8594-65882ADA0CC1}.Debug|Any CPU.Build.0 = Debug|Any CPU
		{FF7C5C95-376A-4991-8594-65882ADA0CC1}.Release|Any CPU.ActiveCfg = Release|Any CPU
		{FF7C5C95-376A-4991-8594-65882ADA0CC1}.Release|Any CPU.Build.0 = Release|Any CPU
		{2FBD83D7-1768-44EA-ABA1-77D3D5E94B77}.Debug|Any CPU.ActiveCfg = Debug|Any CPU
		{2FBD83D7-1768-44EA-ABA1-77D3D5E94B77}.Debug|Any CPU.Build.0 = Debug|Any CPU
		{2FBD83D7-1768-44EA-ABA1-77D3D5E94B77}.Release|Any CPU.ActiveCfg = Release|Any CPU
		{2FBD83D7-1768-44EA-ABA1-77D3D5E94B77}.Release|Any CPU.Build.0 = Release|Any CPU
	EndGlobalSection
	GlobalSection(SolutionProperties) = preSolution
		HideSolutionNode = FALSE
	EndGlobalSection
	GlobalSection(ExtensibilityGlobals) = postSolution
		SolutionGuid = {A163B7EB-7EED-4055-9996-D87C25A1F273}
	EndGlobalSection
EndGlobal
